github.com/Data-Corruption/lmdb-go v1.2.0 h1:lfa9ialg2Qeqoo+uFcj4AtmgNGBfSrDuc3hkblOsBms=
github.com/Data-Corruption/lmdb-go v1.2.0/go.mod h1:+SOKGRO4lG1s8YqV8YE7Ryq2LuWBbXECM4AXhKSROpM=
github.com/Data-Corruption/stdx v0.3.0 h1:z2Faa0gXTs5jNXRyfO/UU9ywfcu8rcqSi0072tCemQ0=
github.com/Data-Corruption/stdx v0.3.0/go.mod h1:6Pp4IuZ0tzEKvDd35gBusAPFuGCYRY0ZYCeqlu1soNg=
github.com/Data-Corruption/stdx v0.4.0 h1:rie0r9J2QCt2EaI4so9+e+Oew56gHJFSrourksvywAk=
github.com/Data-Corruption/stdx v0.4.0/go.mod h1:6Pp4IuZ0tzEKvDd35gBusAPFuGCYRY0ZYCeqlu1soNg=
github.com/davecgh/go-spew v1.1.1 h1:vj9j/u1bqnvCEfJOwUhtlOARqs3+rkHYY13jYWTU97c=
github.com/davecgh/go-spew v1.1.1/go.mod h1:J7Y8YcW2NihsgmVo/mv3lAwl/skON4iLHjSsI+c5H38=
github.com/pmezard/go-difflib v1.0.0 h1:4DBwDE0NGyQoBHbLQYPwSUPoCMWR5BEzIk/f1lZbAQM=
github.com/pmezard/go-difflib v1.0.0/go.mod h1:iKH77koFhYxTK1pcRnkKkqfTogsbg7gZNVY4sRDYZ/4=
github.com/stretchr/testify v1.10.0 h1:Xv5erBjTwe/5IxqUQTdXv5kgmIvbHo3QQyRwhJsOfJA=
github.com/stretchr/testify v1.10.0/go.mod h1:r2ic/lqez/lEtzL7wO/rwa5dbSLXVDPFyf8C91i36aY=
github.com/urfave/cli/v3 v3.4.1 h1:1M9UOCy5bLmGnuu1yn3t3CB4rG79Rtoxuv1sPhnm6qM=
github.com/urfave/cli/v3 v3.4.1/go.mod h1:FJSKtM/9AiiTOJL4fJ6TbMUkxBXn7GO9guZqoZtpYpo=
golang.org/x/mod v0.27.0 h1:kb+q2PyFnEADO2IEF935ehFUXlWiNjJWtRNgBLSfbxQ=
golang.org/x/mod v0.27.0/go.mod h1:rWI627Fq0DEoudcK+MBkNkCe0EetEaDSwJJkCcjpazc=
golang.org/x/sys v0.35.0 h1:vz1N37gP5bs89s7He8XuIYXpyY0+QlsKmzipCbUtyxI=
golang.org/x/sys v0.35.0/go.mod h1:BJP2sWEmIv4KK5OTEluFJCKSidICx8ciO85XgH3Ak8k=
gopkg.in/yaml.v3 v3.0.1 h1:fxVm/GzAzEWqLHuvctI91KS9hhNmmWOoWu0XTYJS7CA=
gopkg.in/yaml.v3 v3.0.1/go.mod h1:K4uyk7z7BCEPqu6E+C64Yfv1cQ7kz7rIZviUmN+EgEM=
